<?xml version="1.0" encoding="utf-8"?>
<Project ToolsVersion="4.0" xmlns="http://schemas.microsoft.com/developer/msbuild/2003">
  <ItemGroup>
    <Filter Include="Source Files">
      <UniqueIdentifier>{4FC737F1-C7A5-4376-A066-2A32D752A2FF}</UniqueIdentifier>
      <Extensions>cpp;c;cc;cxx;def;odl;idl;hpj;bat;asm;asmx</Extensions>
    </Filter>
    <Filter Include="Header Files">
      <UniqueIdentifier>{93995380-89BD-4b04-88EB-625FBE52EBFB}</UniqueIdentifier>
      <Extensions>h;hpp;hxx;hm;inl;inc;xsd</Extensions>
    </Filter>
    <Filter Include="Resource Files">
      <UniqueIdentifier>{67DA6AB6-F800-4c08-8B7A-83BB121AAD01}</UniqueIdentifier>
      <Extensions>rc;ico;cur;bmp;dlg;rc2;rct;bin;rgs;gif;jpg;jpeg;jpe;resx;tiff;tif;png;wav;mfcribbon-ms</Extensions>
    </Filter>
  </ItemGroup>
  <ItemGroup>
    <ClCompile Include="examples\gb\bank_0.c">
      <Filter>Source Files</Filter>
    </ClCompile>
    <ClCompile Include="examples\gb\bank_1.c">
      <Filter>Source Files</Filter>
    </ClCompile>
    <ClCompile Include="examples\gb\bank_2.c">
      <Filter>Source Files</Filter>
    </ClCompile>
    <ClCompile Include="examples\gb\bank_3.c">
      <Filter>Source Files</Filter>
    </ClCompile>
    <ClCompile Include="examples\gb\banks.c">
      <Filter>Source Files</Filter>
    </ClCompile>
    <ClCompile Include="examples\gb\comm.c">
      <Filter>Source Files</Filter>
    </ClCompile>
    <ClCompile Include="examples\gb\filltest.c">
      <Filter>Source Files</Filter>
    </ClCompile>
    <ClCompile Include="examples\gb\fonts.c">
      <Filter>Source Files</Filter>
    </ClCompile>
    <ClCompile Include="examples\gb\fprpn.c">
      <Filter>Source Files</Filter>
    </ClCompile>
    <ClCompile Include="examples\gb\paint.c">
      <Filter>Source Files</Filter>
    </ClCompile>
    <ClCompile Include="examples\gb\irq.c">
      <Filter>Source Files</Filter>
    </ClCompile>
    <ClCompile Include="examples\gb\ram_fn.c">
      <Filter>Source Files</Filter>
    </ClCompile>
    <ClCompile Include="examples\gb\rand.c">
      <Filter>Source Files</Filter>
    </ClCompile>
    <ClCompile Include="examples\gb\rpn.c">
      <Filter>Source Files</Filter>
    </ClCompile>
    <ClCompile Include="examples\gb\samptest.c">
      <Filter>Source Files</Filter>
    </ClCompile>
    <ClCompile Include="examples\gb\sound.c">
      <Filter>Source Files</Filter>
    </ClCompile>
  </ItemGroup>
  <ItemGroup>
    <ClInclude Include="examples\gb\gb\cgb.h">
      <Filter>Header Files</Filter>
    </ClInclude>
    <ClInclude Include="examples\gb\gb\console.h">
      <Filter>Header Files</Filter>
    </ClInclude>
    <ClInclude Include="examples\gb\gb\ctype.h">
      <Filter>Header Files</Filter>
    </ClInclude>
    <ClInclude Include="examples\gb\gb\drawing.h">
      <Filter>Header Files</Filter>
    </ClInclude>
    <ClInclude Include="examples\gb\gb\font.h">
      <Filter>Header Files</Filter>
    </ClInclude>
    <ClInclude Include="examples\gb\gb\gb.h">
      <Filter>Header Files</Filter>
    </ClInclude>
    <ClInclude Include="examples\gb\gb\gbdk-lib.h">
      <Filter>Header Files</Filter>
    </ClInclude>
    <ClInclude Include="examples\gb\gb\hardware.h">
      <Filter>Header Files</Filter>
    </ClInclude>
    <ClInclude Include="examples\gb\gb\malloc.h">
      <Filter>Header Files</Filter>
    </ClInclude>
    <ClInclude Include="examples\gb\gb\rand.h">
      <Filter>Header Files</Filter>
    </ClInclude>
    <ClInclude Include="examples\gb\gb\sample.h">
      <Filter>Header Files</Filter>
    </ClInclude>
    <ClInclude Include="examples\gb\gb\sgb.h">
      <Filter>Header Files</Filter>
    </ClInclude>
    <ClInclude Include="examples\gb\gb\stdarg.h">
      <Filter>Header Files</Filter>
    </ClInclude>
    <ClInclude Include="examples\gb\gb\stdio.h">
      <Filter>Header Files</Filter>
    </ClInclude>
    <ClInclude Include="examples\gb\gb\stdlib.h">
      <Filter>Header Files</Filter>
    </ClInclude>
    <ClInclude Include="examples\gb\gb\string.h">
      <Filter>Header Files</Filter>
    </ClInclude>
    <ClInclude Include="examples\gb\gb\time.h">
      <Filter>Header Files</Filter>
    </ClInclude>
    <ClInclude Include="examples\gb\gb\types.h">
      <Filter>Header Files</Filter>
    </ClInclude>
  </ItemGroup>
  <ItemGroup>
    <None Include="examples\gb\make.bat">
      <Filter>Resource Files</Filter>
    </None>
    <None Include="examples\gb\run.bat">
      <Filter>Resource Files</Filter>
    </None>
  </ItemGroup>
</Project>